// !$*UTF8*$!
{
	archiveVersion = 1;
	classes = {
	};
	objectVersion = 46;
	objects = {

/* Begin PBXBuildFile section */
		4E66A52196A1A7B9085227F2 /* Pods_PunkBeer.framework in Frameworks */ = {isa = PBXBuildFile; fileRef = CEAA25005C15A8B5E45C6310 /* Pods_PunkBeer.framework */; };
		AC22ADBF1FCC6E1C00CB68CA /* Beer.swift in Sources */ = {isa = PBXBuildFile; fileRef = AC22ADBE1FCC6E1C00CB68CA /* Beer.swift */; };
		AC22ADC11FCC6FC800CB68CA /* REST.swift in Sources */ = {isa = PBXBuildFile; fileRef = AC22ADC01FCC6FC800CB68CA /* REST.swift */; };
		AC22ADC31FCC721D00CB68CA /* BeerViewController.swift in Sources */ = {isa = PBXBuildFile; fileRef = AC22ADC21FCC721D00CB68CA /* BeerViewController.swift */; };
		AC5CEB771FC5DD7000F79715 /* AppDelegate.swift in Sources */ = {isa = PBXBuildFile; fileRef = AC5CEB761FC5DD7000F79715 /* AppDelegate.swift */; };
		AC5CEB791FC5DD7000F79715 /* ViewController.swift in Sources */ = {isa = PBXBuildFile; fileRef = AC5CEB781FC5DD7000F79715 /* ViewController.swift */; };
		AC5CEB7C1FC5DD7000F79715 /* Main.storyboard in Resources */ = {isa = PBXBuildFile; fileRef = AC5CEB7A1FC5DD7000F79715 /* Main.storyboard */; };
		AC5CEB7E1FC5DD7000F79715 /* Assets.xcassets in Resources */ = {isa = PBXBuildFile; fileRef = AC5CEB7D1FC5DD7000F79715 /* Assets.xcassets */; };
		AC5CEB811FC5DD7000F79715 /* LaunchScreen.storyboard in Resources */ = {isa = PBXBuildFile; fileRef = AC5CEB7F1FC5DD7000F79715 /* LaunchScreen.storyboard */; };
		ACA2F6DE1FC600DF0069861A /* BeerCell.swift in Sources */ = {isa = PBXBuildFile; fileRef = ACA2F6DD1FC600DF0069861A /* BeerCell.swift */; };
		ACA2F6E01FC605680069861A /* BeerTableViewController.swift in Sources */ = {isa = PBXBuildFile; fileRef = ACA2F6DF1FC605680069861A /* BeerTableViewController.swift */; };
/* End PBXBuildFile section */

/* Begin PBXFileReference section */
		5253C1C077C7AF3F4B750CFE /* Pods-PunkBeer.debug.xcconfig */ = {isa = PBXFileReference; includeInIndex = 1; lastKnownFileType = text.xcconfig; name = "Pods-PunkBeer.debug.xcconfig"; path = "Pods/Target Support Files/Pods-PunkBeer/Pods-PunkBeer.debug.xcconfig"; sourceTree = "<group>"; };
		A19102746372DB971FAC7890 /* Pods-PunkBeer.release.xcconfig */ = {isa = PBXFileReference; includeInIndex = 1; lastKnownFileType = text.xcconfig; name = "Pods-PunkBeer.release.xcconfig"; path = "Pods/Target Support Files/Pods-PunkBeer/Pods-PunkBeer.release.xcconfig"; sourceTree = "<group>"; };
		AC22ADBE1FCC6E1C00CB68CA /* Beer.swift */ = {isa = PBXFileReference; fileEncoding = 4; lastKnownFileType = sourcecode.swift; path = Beer.swift; sourceTree = "<group>"; };
		AC22ADC01FCC6FC800CB68CA /* REST.swift */ = {isa = PBXFileReference; fileEncoding = 4; lastKnownFileType = sourcecode.swift; path = REST.swift; sourceTree = "<group>"; };
		AC22ADC21FCC721D00CB68CA /* BeerViewController.swift */ = {isa = PBXFileReference; fileEncoding = 4; lastKnownFileType = sourcecode.swift; path = BeerViewController.swift; sourceTree = "<group>"; };
		AC5CEB731FC5DD7000F79715 /* PunkBeer.app */ = {isa = PBXFileReference; explicitFileType = wrapper.application; includeInIndex = 0; path = PunkBeer.app; sourceTree = BUILT_PRODUCTS_DIR; };
		AC5CEB761FC5DD7000F79715 /* AppDelegate.swift */ = {isa = PBXFileReference; lastKnownFileType = sourcecode.swift; path = AppDelegate.swift; sourceTree = "<group>"; };
		AC5CEB781FC5DD7000F79715 /* ViewController.swift */ = {isa = PBXFileReference; lastKnownFileType = sourcecode.swift; path = ViewController.swift; sourceTree = "<group>"; };
		AC5CEB7B1FC5DD7000F79715 /* Base */ = {isa = PBXFileReference; lastKnownFileType = file.storyboard; name = Base; path = Base.lproj/Main.storyboard; sourceTree = "<group>"; };
		AC5CEB7D1FC5DD7000F79715 /* Assets.xcassets */ = {isa = PBXFileReference; lastKnownFileType = folder.assetcatalog; path = Assets.xcassets; sourceTree = "<group>"; };
		AC5CEB801FC5DD7000F79715 /* Base */ = {isa = PBXFileReference; lastKnownFileType = file.storyboard; name = Base; path = Base.lproj/LaunchScreen.storyboard; sourceTree = "<group>"; };
		AC5CEB821FC5DD7000F79715 /* Info.plist */ = {isa = PBXFileReference; lastKnownFileType = text.plist.xml; path = Info.plist; sourceTree = "<group>"; };
		ACA2F6DD1FC600DF0069861A /* BeerCell.swift */ = {isa = PBXFileReference; fileEncoding = 4; lastKnownFileType = sourcecode.swift; path = BeerCell.swift; sourceTree = "<group>"; };
		ACA2F6DF1FC605680069861A /* BeerTableViewController.swift */ = {isa = PBXFileReference; fileEncoding = 4; lastKnownFileType = sourcecode.swift; path = BeerTableViewController.swift; sourceTree = "<group>"; };
		CEAA25005C15A8B5E45C6310 /* Pods_PunkBeer.framework */ = {isa = PBXFileReference; explicitFileType = wrapper.framework; includeInIndex = 0; path = Pods_PunkBeer.framework; sourceTree = BUILT_PRODUCTS_DIR; };
/* End PBXFileReference section */

/* Begin PBXFrameworksBuildPhase section */
		AC5CEB701FC5DD7000F79715 /* Frameworks */ = {
			isa = PBXFrameworksBuildPhase;
			buildActionMask = 2147483647;
			files = (
				4E66A52196A1A7B9085227F2 /* Pods_PunkBeer.framework in Frameworks */,
			);
			runOnlyForDeploymentPostprocessing = 0;
		};
/* End PBXFrameworksBuildPhase section */

/* Begin PBXGroup section */
		177460B349601CDDB36C3608 /* Frameworks */ = {
			isa = PBXGroup;
			children = (
				CEAA25005C15A8B5E45C6310 /* Pods_PunkBeer.framework */,
			);
			name = Frameworks;
			sourceTree = "<group>";
		};
		5AE0EF072114AE9F87D8D07D /* Pods */ = {
			isa = PBXGroup;
			children = (
				5253C1C077C7AF3F4B750CFE /* Pods-PunkBeer.debug.xcconfig */,
				A19102746372DB971FAC7890 /* Pods-PunkBeer.release.xcconfig */,
			);
			name = Pods;
			sourceTree = "<group>";
		};
		AC5CEB6A1FC5DD7000F79715 = {
			isa = PBXGroup;
			children = (
				AC5CEB751FC5DD7000F79715 /* PunkBeer */,
				AC5CEB741FC5DD7000F79715 /* Products */,
				5AE0EF072114AE9F87D8D07D /* Pods */,
				177460B349601CDDB36C3608 /* Frameworks */,
			);
			sourceTree = "<group>";
		};
		AC5CEB741FC5DD7000F79715 /* Products */ = {
			isa = PBXGroup;
			children = (
				AC5CEB731FC5DD7000F79715 /* PunkBeer.app */,
			);
			name = Products;
			sourceTree = "<group>";
		};
		AC5CEB751FC5DD7000F79715 /* PunkBeer */ = {
			isa = PBXGroup;
			children = (
				AC5CEB761FC5DD7000F79715 /* AppDelegate.swift */,
				AC5CEB781FC5DD7000F79715 /* ViewController.swift */,
				AC5CEB7A1FC5DD7000F79715 /* Main.storyboard */,
				AC5CEB7D1FC5DD7000F79715 /* Assets.xcassets */,
				AC5CEB7F1FC5DD7000F79715 /* LaunchScreen.storyboard */,
				AC5CEB821FC5DD7000F79715 /* Info.plist */,
				ACA2F6DD1FC600DF0069861A /* BeerCell.swift */,
				ACA2F6DF1FC605680069861A /* BeerTableViewController.swift */,
				AC22ADBE1FCC6E1C00CB68CA /* Beer.swift */,
				AC22ADC01FCC6FC800CB68CA /* REST.swift */,
				AC22ADC21FCC721D00CB68CA /* BeerViewController.swift */,
			);
			path = PunkBeer;
			sourceTree = "<group>";
		};
/* End PBXGroup section */

/* Begin PBXNativeTarget section */
		AC5CEB721FC5DD7000F79715 /* PunkBeer */ = {
			isa = PBXNativeTarget;
			buildConfigurationList = AC5CEB851FC5DD7000F79715 /* Build configuration list for PBXNativeTarget "PunkBeer" */;
			buildPhases = (
				FEAA1018BAA9242F528C54DC /* [CP] Check Pods Manifest.lock */,
				AC5CEB6F1FC5DD7000F79715 /* Sources */,
				AC5CEB701FC5DD7000F79715 /* Frameworks */,
				AC5CEB711FC5DD7000F79715 /* Resources */,
				F64EEFA0679609BF35D56CB3 /* [CP] Embed Pods Frameworks */,
				D423843F1D8C57CD39980502 /* [CP] Copy Pods Resources */,
			);
			buildRules = (
			);
			dependencies = (
			);
			name = PunkBeer;
			productName = PunkBeer;
			productReference = AC5CEB731FC5DD7000F79715 /* PunkBeer.app */;
			productType = "com.apple.product-type.application";
		};
/* End PBXNativeTarget section */

/* Begin PBXProject section */
		AC5CEB6B1FC5DD7000F79715 /* Project object */ = {
			isa = PBXProject;
			attributes = {
				LastSwiftUpdateCheck = 0830;
				LastUpgradeCheck = 0830;
				ORGANIZATIONNAME = br.com.Fiap.camila;
				TargetAttributes = {
					AC5CEB721FC5DD7000F79715 = {
						CreatedOnToolsVersion = 8.3.3;
						ProvisioningStyle = Automatic;
					};
				};
			};
			buildConfigurationList = AC5CEB6E1FC5DD7000F79715 /* Build configuration list for PBXProject "PunkBeer" */;
			compatibilityVersion = "Xcode 3.2";
			developmentRegion = English;
			hasScannedForEncodings = 0;
			knownRegions = (
				en,
				Base,
			);
			mainGroup = AC5CEB6A1FC5DD7000F79715;
			productRefGroup = AC5CEB741FC5DD7000F79715 /* Products */;
			projectDirPath = "";
			projectRoot = "";
			targets = (
				AC5CEB721FC5DD7000F79715 /* PunkBeer */,
			);
		};
/* End PBXProject section */

/* Begin PBXResourcesBuildPhase section */
		AC5CEB711FC5DD7000F79715 /* Resources */ = {
			isa = PBXResourcesBuildPhase;
			buildActionMask = 2147483647;
			files = (
				AC5CEB811FC5DD7000F79715 /* LaunchScreen.storyboard in Resources */,
				AC5CEB7E1FC5DD7000F79715 /* Assets.xcassets in Resources */,
				AC5CEB7C1FC5DD7000F79715 /* Main.storyboard in Resources */,
			);
			runOnlyForDeploymentPostprocessing = 0;
		};
/* End PBXResourcesBuildPhase section */

/* Begin PBXShellScriptBuildPhase section */
		D423843F1D8C57CD39980502 /* [CP] Copy Pods Resources */ = {
			isa = PBXShellScriptBuildPhase;
			buildActionMask = 2147483647;
			files = (
			);
			inputPaths = (
			);
			name = "[CP] Copy Pods Resources";
			outputPaths = (
			);
			runOnlyForDeploymentPostprocessing = 0;
			shellPath = /bin/sh;
			shellScript = "\"${SRCROOT}/Pods/Target Support Files/Pods-PunkBeer/Pods-PunkBeer-resources.sh\"\n";
			showEnvVarsInLog = 0;
		};
		F64EEFA0679609BF35D56CB3 /* [CP] Embed Pods Frameworks */ = {
			isa = PBXShellScriptBuildPhase;
			buildActionMask = 2147483647;
			files = (
			);
			inputPaths = (
				"${SRCROOT}/Pods/Target Support Files/Pods-PunkBeer/Pods-PunkBeer-frameworks.sh",
				"${BUILT_PRODUCTS_DIR}/Kingfisher/Kingfisher.framework",
			);
			name = "[CP] Embed Pods Frameworks";
			outputPaths = (
				"${TARGET_BUILD_DIR}/${FRAMEWORKS_FOLDER_PATH}/Kingfisher.framework",
			);
			runOnlyForDeploymentPostprocessing = 0;
			shellPath = /bin/sh;
			shellScript = "\"${SRCROOT}/Pods/Target Support Files/Pods-PunkBeer/Pods-PunkBeer-frameworks.sh\"\n";
			showEnvVarsInLog = 0;
		};
		FEAA1018BAA9242F528C54DC /* [CP] Check Pods Manifest.lock */ = {
			isa = PBXShellScriptBuildPhase;
			buildActionMask = 2147483647;
			files = (
			);
			inputPaths = (
				"${PODS_PODFILE_DIR_PATH}/Podfile.lock",
				"${PODS_ROOT}/Manifest.lock",
			);
			name = "[CP] Check Pods Manifest.lock";
			outputPaths = (
				"$(DERIVED_FILE_DIR)/Pods-PunkBeer-checkManifestLockResult.txt",
			);
			runOnlyForDeploymentPostprocessing = 0;
			shellPath = /bin/sh;
			shellScript = "diff \"${PODS_PODFILE_DIR_PATH}/Podfile.lock\" \"${PODS_ROOT}/Manifest.lock\" > /dev/null\nif [ $? != 0 ] ; then\n    # print error to STDERR\n    echo \"error: The sandbox is not in sync with the Podfile.lock. Run 'pod install' or update your CocoaPods installation.\" >&2\n    exit 1\nfi\n# This output is used by Xcode 'outputs' to avoid re-running this script phase.\necho \"SUCCESS\" > \"${SCRIPT_OUTPUT_FILE_0}\"\n";
			showEnvVarsInLog = 0;
		};
/* End PBXShellScriptBuildPhase section */

/* Begin PBXSourcesBuildPhase section */
		AC5CEB6F1FC5DD7000F79715 /* Sources */ = {
			isa = PBXSourcesBuildPhase;
			buildActionMask = 2147483647;
			files = (
				ACA2F6DE1FC600DF0069861A /* BeerCell.swift in Sources */,
				AC22ADC11FCC6FC800CB68CA /* REST.swift in Sources */,
				AC22ADC31FCC721D00CB68CA /* BeerViewController.swift in Sources */,
				ACA2F6E01FC605680069861A /* BeerTableViewController.swift in Sources */,
				AC22ADBF1FCC6E1C00CB68CA /* Beer.swift in Sources */,
				AC5CEB791FC5DD7000F79715 /* ViewController.swift in Sources */,
				AC5CEB771FC5DD7000F79715 /* AppDelegate.swift in Sources */,
			);
			runOnlyForDeploymentPostprocessing = 0;
		};
/* End PBXSourcesBuildPhase section */

/* Begin PBXVariantGroup section */
		AC5CEB7A1FC5DD7000F79715 /* Main.storyboard */ = {
			isa = PBXVariantGroup;
			children = (
				AC5CEB7B1FC5DD7000F79715 /* Base */,
			);
			name = Main.storyboard;
			sourceTree = "<group>";
		};
		AC5CEB7F1FC5DD7000F79715 /* LaunchScreen.storyboard */ = {
			isa = PBXVariantGroup;
			children = (
				AC5CEB801FC5DD7000F79715 /* Base */,
			);
			name = LaunchScreen.storyboard;
			sourceTree = "<group>";
		};
/* End PBXVariantGroup section */

/* Begin XCBuildConfiguration section */
		AC5CEB831FC5DD7000F79715 /* Debug */ = {
			isa = XCBuildConfiguration;
			buildSettings = {
				ALWAYS_SEARCH_USER_PATHS = NO;
				CLANG_ANALYZER_NONNULL = YES;
				CLANG_ANALYZER_NUMBER_OBJECT_CONVERSION = YES_AGGRESSIVE;
				CLANG_CXX_LANGUAGE_STANDARD = "gnu++0x";
				CLANG_CXX_LIBRARY = "libc++";
				CLANG_ENABLE_MODULES = YES;
				CLANG_ENABLE_OBJC_ARC = YES;
				CLANG_WARN_BOOL_CONVERSION = YES;
				CLANG_WARN_CONSTANT_CONVERSION = YES;
				CLANG_WARN_DIRECT_OBJC_ISA_USAGE = YES_ERROR;
				CLANG_WARN_DOCUMENTATION_COMMENTS = YES;
				CLANG_WARN_EMPTY_BODY = YES;
				CLANG_WARN_ENUM_CONVERSION = YES;
				CLANG_WARN_INFINITE_RECURSION = YES;
				CLANG_WARN_INT_CONVERSION = YES;
				CLANG_WARN_OBJC_ROOT_CLASS = YES_ERROR;
				CLANG_WARN_SUSPICIOUS_MOVE = YES;
				CLANG_WARN_UNREACHABLE_CODE = YES;
				CLANG_WARN__DUPLICATE_METHOD_MATCH = YES;
				"CODE_SIGN_IDENTITY[sdk=iphoneos*]" = "iPhone Developer";
				COPY_PHASE_STRIP = NO;
				DEBUG_INFORMATION_FORMAT = dwarf;
				ENABLE_STRICT_OBJC_MSGSEND = YES;
				ENABLE_TESTABILITY = YES;
				GCC_C_LANGUAGE_STANDARD = gnu99;
				GCC_DYNAMIC_NO_PIC = NO;
				GCC_NO_COMMON_BLOCKS = YES;
				GCC_OPTIMIZATION_LEVEL = 0;
				GCC_PREPROCESSOR_DEFINITIONS = (
					"DEBUG=1",
					"$(inherited)",
				);
				GCC_WARN_64_TO_32_BIT_CONVERSION = YES;
				GCC_WARN_ABOUT_RETURN_TYPE = YES_ERROR;
				GCC_WARN_UNDECLARED_SELECTOR = YES;
				GCC_WARN_UNINITIALIZED_AUTOS = YES_AGGRESSIVE;
				GCC_WARN_UNUSED_FUNCTION = YES;
				GCC_WARN_UNUSED_VARIABLE = YES;
				IPHONEOS_DEPLOYMENT_TARGET = 10.3;
				MTL_ENABLE_DEBUG_INFO = YES;
				ONLY_ACTIVE_ARCH = YES;
				SDKROOT = iphoneos;
				SWIFT_ACTIVE_COMPILATION_CONDITIONS = DEBUG;
				SWIFT_OPTIMIZATION_LEVEL = "-Onone";
			};
			name = Debug;
		};
		AC5CEB841FC5DD7000F79715 /* Release */ = {
			isa = XCBuildConfiguration;
			buildSettings = {
				ALWAYS_SEARCH_USER_PATHS = NO;
				CLANG_ANALYZER_NONNULL = YES;
				CLANG_ANALYZER_NUMBER_OBJECT_CONVERSION = YES_AGGRESSIVE;
				CLANG_CXX_LANGUAGE_STANDARD = "gnu++0x";
				CLANG_CXX_LIBRARY = "libc++";
				CLANG_ENABLE_MODULES = YES;
				CLANG_ENABLE_OBJC_ARC = YES;
				CLANG_WARN_BOOL_CONVERSION = YES;
				CLANG_WARN_CONSTANT_CONVERSION = YES;
				CLANG_WARN_DIRECT_OBJC_ISA_USAGE = YES_ERROR;
				CLANG_WARN_DOCUMENTATION_COMMENTS = YES;
				CLANG_WARN_EMPTY_BODY = YES;
				CLANG_WARN_ENUM_CONVERSION = YES;
				CLANG_WARN_INFINITE_RECURSION = YES;
				CLANG_WARN_INT_CONVERSION = YES;
				CLANG_WARN_OBJC_ROOT_CLASS = YES_ERROR;
				CLANG_WARN_SUSPICIOUS_MOVE = YES;
				CLANG_WARN_UNREACHABLE_CODE = YES;
				CLANG_WARN__DUPLICATE_METHOD_MATCH = YES;
				"CODE_SIGN_IDENTITY[sdk=iphoneos*]" = "iPhone Developer";
				COPY_PHASE_STRIP = NO;
				DEBUG_INFORMATION_FORMAT = "dwarf-with-dsym";
				ENABLE_NS_ASSERTIONS = NO;
				ENABLE_STRICT_OBJC_MSGSEND = YES;
				GCC_C_LANGUAGE_STANDARD = gnu99;
				GCC_NO_COMMON_BLOCKS = YES;
				GCC_WARN_64_TO_32_BIT_CONVERSION = YES;
				GCC_WARN_ABOUT_RETURN_TYPE = YES_ERROR;
				GCC_WARN_UNDECLARED_SELECTOR = YES;
				GCC_WARN_UNINITIALIZED_AUTOS = YES_AGGRESSIVE;
				GCC_WARN_UNUSED_FUNCTION = YES;
				GCC_WARN_UNUSED_VARIABLE = YES;
				IPHONEOS_DEPLOYMENT_TARGET = 10.3;
				MTL_ENABLE_DEBUG_INFO = NO;
				SDKROOT = iphoneos;
				SWIFT_OPTIMIZATION_LEVEL = "-Owholemodule";
				VALIDATE_PRODUCT = YES;
			};
			name = Release;
		};
		AC5CEB861FC5DD7000F79715 /* Debug */ = {
			isa = XCBuildConfiguration;
			baseConfigurationReference = 5253C1C077C7AF3F4B750CFE /* Pods-PunkBeer.debug.xcconfig */;
			buildSettings = {
				ASSETCATALOG_COMPILER_APPICON_NAME = AppIcon;
				INFOPLIST_FILE = PunkBeer/Info.plist;
				LD_RUNPATH_SEARCH_PATHS = "$(inherited) @executable_path/Frameworks";
				PRODUCT_BUNDLE_IDENTIFIER = RM31758.PunkBeer;
				PRODUCT_NAME = "$(TARGET_NAME)";
				SWIFT_VERSION = 3.0;
			};
			name = Debug;
		};
		AC5CEB871FC5DD7000F79715 /* Release */ = {
			isa = XCBuildConfiguration;
			baseConfigurationReference = A19102746372DB971FAC7890 /* Pods-PunkBeer.release.xcconfig */;
			buildSettings = {
				ASSETCATALOG_COMPILER_APPICON_NAME = AppIcon;
				INFOPLIST_FILE = PunkBeer/Info.plist;
				LD_RUNPATH_SEARCH_PATHS = "$(inherited) @executable_path/Frameworks";
				PRODUCT_BUNDLE_IDENTIFIER = RM31758.PunkBeer;
				PRODUCT_NAME = "$(TARGET_NAME)";
				SWIFT_VERSION = 3.0;
			};
			name = Release;
		};
/* End XCBuildConfiguration section */

/* Begin XCConfigurationList section */
		AC5CEB6E1FC5DD7000F79715 /* Build configuration list for PBXProject "PunkBeer" */ = {
			isa = XCConfigurationList;
			buildConfigurations = (
				AC5CEB831FC5DD7000F79715 /* Debug */,
				AC5CEB841FC5DD7000F79715 /* Release */,
			);
			defaultConfigurationIsVisible = 0;
			defaultConfigurationName = Release;
		};
		AC5CEB851FC5DD7000F79715 /* Build configuration list for PBXNativeTarget "PunkBeer" */ = {
			isa = XCConfigurationList;
			buildConfigurations = (
				AC5CEB861FC5DD7000F79715 /* Debug */,
				AC5CEB871FC5DD7000F79715 /* Release */,
			);
			defaultConfigurationIsVisible = 0;
			defaultConfigurationName = Release;
		};
/* End XCConfigurationList section */
	};
	rootObject = AC5CEB6B1FC5DD7000F79715 /* Project object */;
}
